
Microsoft Visual Studio Solution File, Format Version 12.00
# Visual Studio Version 17
VisualStudioVersion = 17.10.35013.160
MinimumVisualStudioVersion = 10.0.40219.1
Project("{9A19103F-16F7-4668-BE54-9A1E7A4F7556}") = "VisualNetwork", "VisualNetwork.csproj", "{8761EF56-335C-42A2-A5D2-7B524C72EF85}"
EndProject
Global
	GlobalSection(SolutionConfigurationPlatforms) = preSolution
		Debug|Any CPU = Debug|Any CPU
		Release|Any CPU = Release|Any CPU
	EndGlobalSection
	GlobalSection(ProjectConfigurationPlatforms) = postSolution
		{8761EF56-335C-42A2-A5D2-7B524C72EF85}.Debug|Any CPU.ActiveCfg = Debug|Any CPU
		{8761EF56-335C-42A2-A5D2-7B524C72EF85}.Debug|Any CPU.Build.0 = Debug|Any CPU
		{8761EF56-335C-42A2-A5D2-7B524C72EF85}.Release|Any CPU.ActiveCfg = Release|Any CPU
		{8761EF56-335C-42A2-A5D2-7B524C72EF85}.Release|Any CPU.Build.0 = Release|Any CPU
	EndGlobalSection
	GlobalSection(SolutionProperties) = preSolution
		HideSolutionNode = FALSE
	EndGlobalSection
	GlobalSection(ExtensibilityGlobals) = postSolution
		SolutionGuid = {FE4DD840-10E1-4711-906E-F7673F9E67BD}
	EndGlobalSection
EndGlobal
